
Microsoft Visual Studio Solution File, Format Version 12.00
# Visual Studio Version 16
VisualStudioVersion = 16.0.30503.244
MinimumVisualStudioVersion = 10.0.40219.1
Project("{FAE04EC0-301F-11D3-BF4B-00C04F79EFBC}") = "Shoppy", "Shoppy\Shoppy.csproj", "{4F9DEF79-9A8D-4804-83B9-D77CACE374D0}"
EndProject
Global
	GlobalSection(SolutionConfigurationPlatforms) = preSolution
		Debug|Any CPU = Debug|Any CPU
		Release|Any CPU = Release|Any CPU
	EndGlobalSection
	GlobalSection(ProjectConfigurationPlatforms) = postSolution
		{4F9DEF79-9A8D-4804-83B9-D77CACE374D0}.Debug|Any CPU.ActiveCfg = Debug|Any CPU
		{4F9DEF79-9A8D-4804-83B9-D77CACE374D0}.Debug|Any CPU.Build.0 = Debug|Any CPU
		{4F9DEF79-9A8D-4804-83B9-D77CACE374D0}.Release|Any CPU.ActiveCfg = Release|Any CPU
		{4F9DEF79-9A8D-4804-83B9-D77CACE374D0}.Release|Any CPU.Build.0 = Release|Any CPU
	EndGlobalSection
	GlobalSection(SolutionProperties) = preSolution
		HideSolutionNode = FALSE
	EndGlobalSection
	GlobalSection(ExtensibilityGlobals) = postSolution
		SolutionGuid = {E495087E-59FB-40B0-861F-F14B96A31291}
	EndGlobalSection
EndGlobal
